
Microsoft Visual Studio Solution File, Format Version 12.00
# Visual Studio Version 17
VisualStudioVersion = 17.14.36401.2 d17.14
MinimumVisualStudioVersion = 10.0.40219.1
Project("{FAE04EC0-301F-11D3-BF4B-00C04F79EFBC}") = "WebApp", "WebApp\WebApp.csproj", "{FE04A758-5EB9-47E9-AD3B-D8FC94FBB67F}"
EndProject
Global
	GlobalSection(SolutionConfigurationPlatforms) = preSolution
		Debug|Any CPU = Debug|Any CPU
		Release|Any CPU = Release|Any CPU
	EndGlobalSection
	GlobalSection(ProjectConfigurationPlatforms) = postSolution
		{FE04A758-5EB9-47E9-AD3B-D8FC94FBB67F}.Debug|Any CPU.ActiveCfg = Debug|Any CPU
		{FE04A758-5EB9-47E9-AD3B-D8FC94FBB67F}.Debug|Any CPU.Build.0 = Debug|Any CPU
		{FE04A758-5EB9-47E9-AD3B-D8FC94FBB67F}.Release|Any CPU.ActiveCfg = Release|Any CPU
		{FE04A758-5EB9-47E9-AD3B-D8FC94FBB67F}.Release|Any CPU.Build.0 = Release|Any CPU
	EndGlobalSection
	GlobalSection(SolutionProperties) = preSolution
		HideSolutionNode = FALSE
	EndGlobalSection
	GlobalSection(ExtensibilityGlobals) = postSolution
		SolutionGuid = {B1AA49A6-E3C7-4A4C-97D3-8644E01431FB}
	EndGlobalSection
EndGlobal
